
Microsoft Visual Studio Solution File, Format Version 12.00
# Visual Studio Version 17
VisualStudioVersion = 17.9.34616.47
MinimumVisualStudioVersion = 10.0.40219.1
Project("{FAE04EC0-301F-11D3-BF4B-00C04F79EFBC}") = "QuizGame", "QuizGame\QuizGame.csproj", "{4674DEE4-1FC6-4EA5-810B-380837FACB0B}"
EndProject
Global
	GlobalSection(SolutionConfigurationPlatforms) = preSolution
		Debug|Any CPU = Debug|Any CPU
		Release|Any CPU = Release|Any CPU
	EndGlobalSection
	GlobalSection(ProjectConfigurationPlatforms) = postSolution
		{4674DEE4-1FC6-4EA5-810B-380837FACB0B}.Debug|Any CPU.ActiveCfg = Debug|Any CPU
		{4674DEE4-1FC6-4EA5-810B-380837FACB0B}.Debug|Any CPU.Build.0 = Debug|Any CPU
		{4674DEE4-1FC6-4EA5-810B-380837FACB0B}.Release|Any CPU.ActiveCfg = Release|Any CPU
		{4674DEE4-1FC6-4EA5-810B-380837FACB0B}.Release|Any CPU.Build.0 = Release|Any CPU
	EndGlobalSection
	GlobalSection(SolutionProperties) = preSolution
		HideSolutionNode = FALSE
	EndGlobalSection
	GlobalSection(ExtensibilityGlobals) = postSolution
		SolutionGuid = {3B20E1EC-1738-46AC-8DE2-B02124AC6D4D}
	EndGlobalSection
EndGlobal
